github.com/hzanoli/colorful-and-bold v0.0.0-20260408202133-5455557d375f h1:hq+UWeB92AS2yzY1zkOq6p2F5uAgPqjpxjPRsDxvx2o=
github.com/hzanoli/colorful-and-bold v0.0.0-20260408202133-5455557d375f/go.mod h1:hVUwDaXfOg71ewUYi0Emalta6EaADSYED6CsUt1RyFY=
github.com/hzanoli/colorful-and-bold v0.0.0-20260410100804-13f6cc2e4a43 h1:FUWA7AmRcQ91s1+zbTkmDI/mF5EGyyhTyTJDi/aQPjM=
github.com/hzanoli/colorful-and-bold v0.0.0-20260410100804-13f6cc2e4a43/go.mod h1:1c1OyoItI+5gkRA145UesRS0ASVFtlDpGvu1lOAdgmw=
